
Microsoft Visual Studio Solution File, Format Version 12.00
# Visual Studio Version 17
VisualStudioVersion = 17.8.34322.80
MinimumVisualStudioVersion = 10.0.40219.1
Project("{FAE04EC0-301F-11D3-BF4B-00C04F79EFBC}") = "Thermometer_Monitoring", "Thermometer_Monitoring\Thermometer_Monitoring.csproj", "{DE43628F-04B6-402E-BD42-F6AB08E35E78}"
EndProject
Global
	GlobalSection(SolutionConfigurationPlatforms) = preSolution
		Debug|Any CPU = Debug|Any CPU
		Release|Any CPU = Release|Any CPU
	EndGlobalSection
	GlobalSection(ProjectConfigurationPlatforms) = postSolution
		{DE43628F-04B6-402E-BD42-F6AB08E35E78}.Debug|Any CPU.ActiveCfg = Debug|Any CPU
		{DE43628F-04B6-402E-BD42-F6AB08E35E78}.Debug|Any CPU.Build.0 = Debug|Any CPU
		{DE43628F-04B6-402E-BD42-F6AB08E35E78}.Release|Any CPU.ActiveCfg = Release|Any CPU
		{DE43628F-04B6-402E-BD42-F6AB08E35E78}.Release|Any CPU.Build.0 = Release|Any CPU
	EndGlobalSection
	GlobalSection(SolutionProperties) = preSolution
		HideSolutionNode = FALSE
	EndGlobalSection
	GlobalSection(ExtensibilityGlobals) = postSolution
		SolutionGuid = {B5E82653-4294-48AB-80F2-716E0B5DEC35}
	EndGlobalSection
EndGlobal
